
Microsoft Visual Studio Solution File, Format Version 12.00
# Visual Studio Version 17
VisualStudioVersion = 17.11.35327.3
MinimumVisualStudioVersion = 10.0.40219.1
Project("{FAE04EC0-301F-11D3-BF4B-00C04F79EFBC}") = "Zenoh", "Zenoh\Zenoh.csproj", "{7B9AC17A-7557-45C9-A254-69C8FE69FB53}"
EndProject
Global
	GlobalSection(SolutionConfigurationPlatforms) = preSolution
		Debug|Any CPU = Debug|Any CPU
		Release|Any CPU = Release|Any CPU
	EndGlobalSection
	GlobalSection(ProjectConfigurationPlatforms) = postSolution
		{7B9AC17A-7557-45C9-A254-69C8FE69FB53}.Debug|Any CPU.ActiveCfg = Debug|Any CPU
		{7B9AC17A-7557-45C9-A254-69C8FE69FB53}.Debug|Any CPU.Build.0 = Debug|Any CPU
		{7B9AC17A-7557-45C9-A254-69C8FE69FB53}.Release|Any CPU.ActiveCfg = Release|Any CPU
		{7B9AC17A-7557-45C9-A254-69C8FE69FB53}.Release|Any CPU.Build.0 = Release|Any CPU
	EndGlobalSection
	GlobalSection(SolutionProperties) = preSolution
		HideSolutionNode = FALSE
	EndGlobalSection
	GlobalSection(ExtensibilityGlobals) = postSolution
		SolutionGuid = {F1D2A0AB-5E7B-4A43-BA01-F3ED67182A05}
	EndGlobalSection
EndGlobal
